
Microsoft Visual Studio Solution File, Format Version 12.00
# Visual Studio Version 16
VisualStudioVersion = 16.0.31729.503
MinimumVisualStudioVersion = 10.0.40219.1
Project("{FAE04EC0-301F-11D3-BF4B-00C04F79EFBC}") = "Mocking", "Mocking\Mocking.csproj", "{210DA355-A293-4406-85A1-E291CB5E1CD8}"
EndProject
Project("{FAE04EC0-301F-11D3-BF4B-00C04F79EFBC}") = "Mocking.Tests", "Mocking.Tests\Mocking.Tests.csproj", "{799372C5-354C-4ADA-8908-606F59834DCF}"
EndProject
Global
	GlobalSection(SolutionConfigurationPlatforms) = preSolution
		Debug|Any CPU = Debug|Any CPU
		Release|Any CPU = Release|Any CPU
	EndGlobalSection
	GlobalSection(ProjectConfigurationPlatforms) = postSolution
		{210DA355-A293-4406-85A1-E291CB5E1CD8}.Debug|Any CPU.ActiveCfg = Debug|Any CPU
		{210DA355-A293-4406-85A1-E291CB5E1CD8}.Debug|Any CPU.Build.0 = Debug|Any CPU
		{210DA355-A293-4406-85A1-E291CB5E1CD8}.Release|Any CPU.ActiveCfg = Release|Any CPU
		{210DA355-A293-4406-85A1-E291CB5E1CD8}.Release|Any CPU.Build.0 = Release|Any CPU
		{799372C5-354C-4ADA-8908-606F59834DCF}.Debug|Any CPU.ActiveCfg = Debug|Any CPU
		{799372C5-354C-4ADA-8908-606F59834DCF}.Debug|Any CPU.Build.0 = Debug|Any CPU
		{799372C5-354C-4ADA-8908-606F59834DCF}.Release|Any CPU.ActiveCfg = Release|Any CPU
		{799372C5-354C-4ADA-8908-606F59834DCF}.Release|Any CPU.Build.0 = Release|Any CPU
	EndGlobalSection
	GlobalSection(SolutionProperties) = preSolution
		HideSolutionNode = FALSE
	EndGlobalSection
	GlobalSection(ExtensibilityGlobals) = postSolution
		SolutionGuid = {ACB0E9D0-D22B-4BFC-B87F-91D59DA76977}
	EndGlobalSection
EndGlobal
